// !$*UTF8*$!
{
	archiveVersion = 1;
	classes = {
	};
	objectVersion = 50;
	objects = {

/* Begin PBXBuildFile section */
		92FE62AE26D13DBB0001A489 /* AppDelegate.swift in Sources */ = {isa = PBXBuildFile; fileRef = 92FE62AD26D13DBB0001A489 /* AppDelegate.swift */; };
		92FE62B026D13DBB0001A489 /* SceneDelegate.swift in Sources */ = {isa = PBXBuildFile; fileRef = 92FE62AF26D13DBB0001A489 /* SceneDelegate.swift */; };
		92FE62B226D13DBB0001A489 /* ContentView.swift in Sources */ = {isa = PBXBuildFile; fileRef = 92FE62B126D13DBB0001A489 /* ContentView.swift */; };
		92FE62B426D13DBE0001A489 /* Assets.xcassets in Resources */ = {isa = PBXBuildFile; fileRef = 92FE62B326D13DBE0001A489 /* Assets.xcassets */; };
		92FE62B726D13DBE0001A489 /* Preview Assets.xcassets in Resources */ = {isa = PBXBuildFile; fileRef = 92FE62B626D13DBE0001A489 /* Preview Assets.xcassets */; };
		92FE62BA26D13DBE0001A489 /* LaunchScreen.storyboard in Resources */ = {isa = PBXBuildFile; fileRef = 92FE62B826D13DBE0001A489 /* LaunchScreen.storyboard */; };
		92FE62C426D142750001A489 /* MyVStackView.swift in Sources */ = {isa = PBXBuildFile; fileRef = 92FE62C326D142750001A489 /* MyVStackView.swift */; };
/* End PBXBuildFile section */

/* Begin PBXFileReference section */
		92FE62AA26D13DBB0001A489 /* SwiftUI_tutoiral_#1.app */ = {isa = PBXFileReference; explicitFileType = wrapper.application; includeInIndex = 0; path = "SwiftUI_tutoiral_#1.app"; sourceTree = BUILT_PRODUCTS_DIR; };
		92FE62AD26D13DBB0001A489 /* AppDelegate.swift */ = {isa = PBXFileReference; lastKnownFileType = sourcecode.swift; path = AppDelegate.swift; sourceTree = "<group>"; };
		92FE62AF26D13DBB0001A489 /* SceneDelegate.swift */ = {isa = PBXFileReference; lastKnownFileType = sourcecode.swift; path = SceneDelegate.swift; sourceTree = "<group>"; };
		92FE62B126D13DBB0001A489 /* ContentView.swift */ = {isa = PBXFileReference; lastKnownFileType = sourcecode.swift; path = ContentView.swift; sourceTree = "<group>"; };
		92FE62B326D13DBE0001A489 /* Assets.xcassets */ = {isa = PBXFileReference; lastKnownFileType = folder.assetcatalog; path = Assets.xcassets; sourceTree = "<group>"; };
		92FE62B626D13DBE0001A489 /* Preview Assets.xcassets */ = {isa = PBXFileReference; lastKnownFileType = folder.assetcatalog; path = "Preview Assets.xcassets"; sourceTree = "<group>"; };
		92FE62B926D13DBE0001A489 /* Base */ = {isa = PBXFileReference; lastKnownFileType = file.storyboard; name = Base; path = Base.lproj/LaunchScreen.storyboard; sourceTree = "<group>"; };
		92FE62BB26D13DBE0001A489 /* Info.plist */ = {isa = PBXFileReference; lastKnownFileType = text.plist.xml; path = Info.plist; sourceTree = "<group>"; };
		92FE62C326D142750001A489 /* MyVStackView.swift */ = {isa = PBXFileReference; lastKnownFileType = sourcecode.swift; path = MyVStackView.swift; sourceTree = "<group>"; };
/* End PBXFileReference section */

/* Begin PBXFrameworksBuildPhase section */
		92FE62A726D13DBB0001A489 /* Frameworks */ = {
			isa = PBXFrameworksBuildPhase;
			buildActionMask = 2147483647;
			files = (
			);
			runOnlyForDeploymentPostprocessing = 0;
		};
/* End PBXFrameworksBuildPhase section */

/* Begin PBXGroup section */
		92FE62A126D13DBB0001A489 = {
			isa = PBXGroup;
			children = (
				92FE62AC26D13DBB0001A489 /* SwiftUI_tutoiral_#1 */,
				92FE62AB26D13DBB0001A489 /* Products */,
			);
			sourceTree = "<group>";
		};
		92FE62AB26D13DBB0001A489 /* Products */ = {
			isa = PBXGroup;
			children = (
				92FE62AA26D13DBB0001A489 /* SwiftUI_tutoiral_#1.app */,
			);
			name = Products;
			sourceTree = "<group>";
		};
		92FE62AC26D13DBB0001A489 /* SwiftUI_tutoiral_#1 */ = {
			isa = PBXGroup;
			children = (
				92FE62AD26D13DBB0001A489 /* AppDelegate.swift */,
				92FE62AF26D13DBB0001A489 /* SceneDelegate.swift */,
				92FE62B126D13DBB0001A489 /* ContentView.swift */,
				92FE62C326D142750001A489 /* MyVStackView.swift */,
				92FE62B326D13DBE0001A489 /* Assets.xcassets */,
				92FE62B826D13DBE0001A489 /* LaunchScreen.storyboard */,
				92FE62BB26D13DBE0001A489 /* Info.plist */,
				92FE62B526D13DBE0001A489 /* Preview Content */,
			);
			path = "SwiftUI_tutoiral_#1";
			sourceTree = "<group>";
		};
		92FE62B526D13DBE0001A489 /* Preview Content */ = {
			isa = PBXGroup;
			children = (
				92FE62B626D13DBE0001A489 /* Preview Assets.xcassets */,
			);
			path = "Preview Content";
			sourceTree = "<group>";
		};
/* End PBXGroup section */

/* Begin PBXNativeTarget section */
		92FE62A926D13DBB0001A489 /* SwiftUI_tutoiral_#1 */ = {
			isa = PBXNativeTarget;
			buildConfigurationList = 92FE62BE26D13DBE0001A489 /* Build configuration list for PBXNativeTarget "SwiftUI_tutoiral_#1" */;
			buildPhases = (
				92FE62A626D13DBB0001A489 /* Sources */,
				92FE62A726D13DBB0001A489 /* Frameworks */,
				92FE62A826D13DBB0001A489 /* Resources */,
			);
			buildRules = (
			);
			dependencies = (
			);
			name = "SwiftUI_tutoiral_#1";
			productName = "SwiftUI_tutoiral_#1";
			productReference = 92FE62AA26D13DBB0001A489 /* SwiftUI_tutoiral_#1.app */;
			productType = "com.apple.product-type.application";
		};
/* End PBXNativeTarget section */

/* Begin PBXProject section */
		92FE62A226D13DBB0001A489 /* Project object */ = {
			isa = PBXProject;
			attributes = {
				LastSwiftUpdateCheck = 1250;
				LastUpgradeCheck = 1250;
				TargetAttributes = {
					92FE62A926D13DBB0001A489 = {
						CreatedOnToolsVersion = 12.5.1;
					};
				};
			};
			buildConfigurationList = 92FE62A526D13DBB0001A489 /* Build configuration list for PBXProject "SwiftUI_tutoiral_#1" */;
			compatibilityVersion = "Xcode 9.3";
			developmentRegion = en;
			hasScannedForEncodings = 0;
			knownRegions = (
				en,
				Base,
			);
			mainGroup = 92FE62A126D13DBB0001A489;
			productRefGroup = 92FE62AB26D13DBB0001A489 /* Products */;
			projectDirPath = "";
			projectRoot = "";
			targets = (
				92FE62A926D13DBB0001A489 /* SwiftUI_tutoiral_#1 */,
			);
		};
/* End PBXProject section */

/* Begin PBXResourcesBuildPhase section */
		92FE62A826D13DBB0001A489 /* Resources */ = {
			isa = PBXResourcesBuildPhase;
			buildActionMask = 2147483647;
			files = (
				92FE62BA26D13DBE0001A489 /* LaunchScreen.storyboard in Resources */,
				92FE62B726D13DBE0001A489 /* Preview Assets.xcassets in Resources */,
				92FE62B426D13DBE0001A489 /* Assets.xcassets in Resources */,
			);
			runOnlyForDeploymentPostprocessing = 0;
		};
/* End PBXResourcesBuildPhase section */

/* Begin PBXSourcesBuildPhase section */
		92FE62A626D13DBB0001A489 /* Sources */ = {
			isa = PBXSourcesBuildPhase;
			buildActionMask = 2147483647;
			files = (
				92FE62AE26D13DBB0001A489 /* AppDelegate.swift in Sources */,
				92FE62B026D13DBB0001A489 /* SceneDelegate.swift in Sources */,
				92FE62C426D142750001A489 /* MyVStackView.swift in Sources */,
				92FE62B226D13DBB0001A489 /* ContentView.swift in Sources */,
			);
			runOnlyForDeploymentPostprocessing = 0;
		};
/* End PBXSourcesBuildPhase section */

/* Begin PBXVariantGroup section */
		92FE62B826D13DBE0001A489 /* LaunchScreen.storyboard */ = {
			isa = PBXVariantGroup;
			children = (
				92FE62B926D13DBE0001A489 /* Base */,
			);
			name = LaunchScreen.storyboard;
			sourceTree = "<group>";
		};
/* End PBXVariantGroup section */

/* Begin XCBuildConfiguration section */
		92FE62BC26D13DBE0001A489 /* Debug */ = {
			isa = XCBuildConfiguration;
			buildSettings = {
				ALWAYS_SEARCH_USER_PATHS = NO;
				CLANG_ANALYZER_NONNULL = YES;
				CLANG_ANALYZER_NUMBER_OBJECT_CONVERSION = YES_AGGRESSIVE;
				CLANG_CXX_LANGUAGE_STANDARD = "gnu++14";
				CLANG_CXX_LIBRARY = "libc++";
				CLANG_ENABLE_MODULES = YES;
				CLANG_ENABLE_OBJC_ARC = YES;
				CLANG_ENABLE_OBJC_WEAK = YES;
				CLANG_WARN_BLOCK_CAPTURE_AUTORELEASING = YES;
				CLANG_WARN_BOOL_CONVERSION = YES;
				CLANG_WARN_COMMA = YES;
				CLANG_WARN_CONSTANT_CONVERSION = YES;
				CLANG_WARN_DEPRECATED_OBJC_IMPLEMENTATIONS = YES;
				CLANG_WARN_DIRECT_OBJC_ISA_USAGE = YES_ERROR;
				CLANG_WARN_DOCUMENTATION_COMMENTS = YES;
				CLANG_WARN_EMPTY_BODY = YES;
				CLANG_WARN_ENUM_CONVERSION = YES;
				CLANG_WARN_INFINITE_RECURSION = YES;
				CLANG_WARN_INT_CONVERSION = YES;
				CLANG_WARN_NON_LITERAL_NULL_CONVERSION = YES;
				CLANG_WARN_OBJC_IMPLICIT_RETAIN_SELF = YES;
				CLANG_WARN_OBJC_LITERAL_CONVERSION = YES;
				CLANG_WARN_OBJC_ROOT_CLASS = YES_ERROR;
				CLANG_WARN_QUOTED_INCLUDE_IN_FRAMEWORK_HEADER = YES;
				CLANG_WARN_RANGE_LOOP_ANALYSIS = YES;
				CLANG_WARN_STRICT_PROTOTYPES = YES;
				CLANG_WARN_SUSPICIOUS_MOVE = YES;
				CLANG_WARN_UNGUARDED_AVAILABILITY = YES_AGGRESSIVE;
				CLANG_WARN_UNREACHABLE_CODE = YES;
				CLANG_WARN__DUPLICATE_METHOD_MATCH = YES;
				COPY_PHASE_STRIP = NO;
				DEBUG_INFORMATION_FORMAT = dwarf;
				ENABLE_STRICT_OBJC_MSGSEND = YES;
				ENABLE_TESTABILITY = YES;
				GCC_C_LANGUAGE_STANDARD = gnu11;
				GCC_DYNAMIC_NO_PIC = NO;
				GCC_NO_COMMON_BLOCKS = YES;
				GCC_OPTIMIZATION_LEVEL = 0;
				GCC_PREPROCESSOR_DEFINITIONS = (
					"DEBUG=1",
					"$(inherited)",
				);
				GCC_WARN_64_TO_32_BIT_CONVERSION = YES;
				GCC_WARN_ABOUT_RETURN_TYPE = YES_ERROR;
				GCC_WARN_UNDECLARED_SELECTOR = YES;
				GCC_WARN_UNINITIALIZED_AUTOS = YES_AGGRESSIVE;
				GCC_WARN_UNUSED_FUNCTION = YES;
				GCC_WARN_UNUSED_VARIABLE = YES;
				IPHONEOS_DEPLOYMENT_TARGET = 14.5;
				MTL_ENABLE_DEBUG_INFO = INCLUDE_SOURCE;
				MTL_FAST_MATH = YES;
				ONLY_ACTIVE_ARCH = YES;
				SDKROOT = iphoneos;
				SWIFT_ACTIVE_COMPILATION_CONDITIONS = DEBUG;
				SWIFT_OPTIMIZATION_LEVEL = "-Onone";
			};
			name = Debug;
		};
		92FE62BD26D13DBE0001A489 /* Release */ = {
			isa = XCBuildConfiguration;
			buildSettings = {
				ALWAYS_SEARCH_USER_PATHS = NO;
				CLANG_ANALYZER_NONNULL = YES;
				CLANG_ANALYZER_NUMBER_OBJECT_CONVERSION = YES_AGGRESSIVE;
				CLANG_CXX_LANGUAGE_STANDARD = "gnu++14";
				CLANG_CXX_LIBRARY = "libc++";
				CLANG_ENABLE_MODULES = YES;
				CLANG_ENABLE_OBJC_ARC = YES;
				CLANG_ENABLE_OBJC_WEAK = YES;
				CLANG_WARN_BLOCK_CAPTURE_AUTORELEASING = YES;
				CLANG_WARN_BOOL_CONVERSION = YES;
				CLANG_WARN_COMMA = YES;
				CLANG_WARN_CONSTANT_CONVERSION = YES;
				CLANG_WARN_DEPRECATED_OBJC_IMPLEMENTATIONS = YES;
				CLANG_WARN_DIRECT_OBJC_ISA_USAGE = YES_ERROR;
				CLANG_WARN_DOCUMENTATION_COMMENTS = YES;
				CLANG_WARN_EMPTY_BODY = YES;
				CLANG_WARN_ENUM_CONVERSION = YES;
				CLANG_WARN_INFINITE_RECURSION = YES;
				CLANG_WARN_INT_CONVERSION = YES;
				CLANG_WARN_NON_LITERAL_NULL_CONVERSION = YES;
				CLANG_WARN_OBJC_IMPLICIT_RETAIN_SELF = YES;
				CLANG_WARN_OBJC_LITERAL_CONVERSION = YES;
				CLANG_WARN_OBJC_ROOT_CLASS = YES_ERROR;
				CLANG_WARN_QUOTED_INCLUDE_IN_FRAMEWORK_HEADER = YES;
				CLANG_WARN_RANGE_LOOP_ANALYSIS = YES;
				CLANG_WARN_STRICT_PROTOTYPES = YES;
				CLANG_WARN_SUSPICIOUS_MOVE = YES;
				CLANG_WARN_UNGUARDED_AVAILABILITY = YES_AGGRESSIVE;
				CLANG_WARN_UNREACHABLE_CODE = YES;
				CLANG_WARN__DUPLICATE_METHOD_MATCH = YES;
				COPY_PHASE_STRIP = NO;
				DEBUG_INFORMATION_FORMAT = "dwarf-with-dsym";
				ENABLE_NS_ASSERTIONS = NO;
				ENABLE_STRICT_OBJC_MSGSEND = YES;
				GCC_C_LANGUAGE_STANDARD = gnu11;
				GCC_NO_COMMON_BLOCKS = YES;
				GCC_WARN_64_TO_32_BIT_CONVERSION = YES;
				GCC_WARN_ABOUT_RETURN_TYPE = YES_ERROR;
				GCC_WARN_UNDECLARED_SELECTOR = YES;
				GCC_WARN_UNINITIALIZED_AUTOS = YES_AGGRESSIVE;
				GCC_WARN_UNUSED_FUNCTION = YES;
				GCC_WARN_UNUSED_VARIABLE = YES;
				IPHONEOS_DEPLOYMENT_TARGET = 14.5;
				MTL_ENABLE_DEBUG_INFO = NO;
				MTL_FAST_MATH = YES;
				SDKROOT = iphoneos;
				SWIFT_COMPILATION_MODE = wholemodule;
				SWIFT_OPTIMIZATION_LEVEL = "-O";
				VALIDATE_PRODUCT = YES;
			};
			name = Release;
		};
		92FE62BF26D13DBE0001A489 /* Debug */ = {
			isa = XCBuildConfiguration;
			buildSettings = {
				ASSETCATALOG_COMPILER_APPICON_NAME = AppIcon;
				ASSETCATALOG_COMPILER_GLOBAL_ACCENT_COLOR_NAME = AccentColor;
				CODE_SIGN_STYLE = Automatic;
				DEVELOPMENT_ASSET_PATHS = "\"SwiftUI_tutoiral_#1/Preview Content\"";
				DEVELOPMENT_TEAM = PU64TS56AD;
				ENABLE_PREVIEWS = YES;
				INFOPLIST_FILE = "SwiftUI_tutoiral_#1/Info.plist";
				LD_RUNPATH_SEARCH_PATHS = (
					"$(inherited)",
					"@executable_path/Frameworks",
				);
				PRODUCT_BUNDLE_IDENTIFIER = "soyeon.SwiftUI-tutoiral--1";
				PRODUCT_NAME = "$(TARGET_NAME)";
				SWIFT_VERSION = 5.0;
				TARGETED_DEVICE_FAMILY = "1,2";
			};
			name = Debug;
		};
		92FE62C026D13DBE0001A489 /* Release */ = {
			isa = XCBuildConfiguration;
			buildSettings = {
				ASSETCATALOG_COMPILER_APPICON_NAME = AppIcon;
				ASSETCATALOG_COMPILER_GLOBAL_ACCENT_COLOR_NAME = AccentColor;
				CODE_SIGN_STYLE = Automatic;
				DEVELOPMENT_ASSET_PATHS = "\"SwiftUI_tutoiral_#1/Preview Content\"";
				DEVELOPMENT_TEAM = PU64TS56AD;
				ENABLE_PREVIEWS = YES;
				INFOPLIST_FILE = "SwiftUI_tutoiral_#1/Info.plist";
				LD_RUNPATH_SEARCH_PATHS = (
					"$(inherited)",
					"@executable_path/Frameworks",
				);
				PRODUCT_BUNDLE_IDENTIFIER = "soyeon.SwiftUI-tutoiral--1";
				PRODUCT_NAME = "$(TARGET_NAME)";
				SWIFT_VERSION = 5.0;
				TARGETED_DEVICE_FAMILY = "1,2";
			};
			name = Release;
		};
/* End XCBuildConfiguration section */

/* Begin XCConfigurationList section */
		92FE62A526D13DBB0001A489 /* Build configuration list for PBXProject "SwiftUI_tutoiral_#1" */ = {
			isa = XCConfigurationList;
			buildConfigurations = (
				92FE62BC26D13DBE0001A489 /* Debug */,
				92FE62BD26D13DBE0001A489 /* Release */,
			);
			defaultConfigurationIsVisible = 0;
			defaultConfigurationName = Release;
		};
		92FE62BE26D13DBE0001A489 /* Build configuration list for PBXNativeTarget "SwiftUI_tutoiral_#1" */ = {
			isa = XCConfigurationList;
			buildConfigurations = (
				92FE62BF26D13DBE0001A489 /* Debug */,
				92FE62C026D13DBE0001A489 /* Release */,
			);
			defaultConfigurationIsVisible = 0;
			defaultConfigurationName = Release;
		};
/* End XCConfigurationList section */
	};
	rootObject = 92FE62A226D13DBB0001A489 /* Project object */;
}
