// !$*UTF8*$!
{
	archiveVersion = 1;
	classes = {
	};
	objectVersion = 50;
	objects = {

/* Begin PBXBuildFile section */
		92778B6726E26485004B9D4C /* SwiftUI_Deeplink_tutorialApp.swift in Sources */ = {isa = PBXBuildFile; fileRef = 92778B6626E26485004B9D4C /* SwiftUI_Deeplink_tutorialApp.swift */; };
		92778B6926E26485004B9D4C /* ContentView.swift in Sources */ = {isa = PBXBuildFile; fileRef = 92778B6826E26485004B9D4C /* ContentView.swift */; };
		92778B6B26E26486004B9D4C /* Assets.xcassets in Resources */ = {isa = PBXBuildFile; fileRef = 92778B6A26E26486004B9D4C /* Assets.xcassets */; };
		92778B6E26E26486004B9D4C /* Preview Assets.xcassets in Resources */ = {isa = PBXBuildFile; fileRef = 92778B6D26E26486004B9D4C /* Preview Assets.xcassets */; };
		92778B7626E26520004B9D4C /* TodosView.swift in Sources */ = {isa = PBXBuildFile; fileRef = 92778B7526E26520004B9D4C /* TodosView.swift */; };
		92778B7826E26827004B9D4C /* ProfileView.swift in Sources */ = {isa = PBXBuildFile; fileRef = 92778B7726E26827004B9D4C /* ProfileView.swift */; };
/* End PBXBuildFile section */

/* Begin PBXFileReference section */
		92778B6326E26485004B9D4C /* SwiftUI-Deeplink-tutorial.app */ = {isa = PBXFileReference; explicitFileType = wrapper.application; includeInIndex = 0; path = "SwiftUI-Deeplink-tutorial.app"; sourceTree = BUILT_PRODUCTS_DIR; };
		92778B6626E26485004B9D4C /* SwiftUI_Deeplink_tutorialApp.swift */ = {isa = PBXFileReference; lastKnownFileType = sourcecode.swift; path = SwiftUI_Deeplink_tutorialApp.swift; sourceTree = "<group>"; };
		92778B6826E26485004B9D4C /* ContentView.swift */ = {isa = PBXFileReference; lastKnownFileType = sourcecode.swift; path = ContentView.swift; sourceTree = "<group>"; };
		92778B6A26E26486004B9D4C /* Assets.xcassets */ = {isa = PBXFileReference; lastKnownFileType = folder.assetcatalog; path = Assets.xcassets; sourceTree = "<group>"; };
		92778B6D26E26486004B9D4C /* Preview Assets.xcassets */ = {isa = PBXFileReference; lastKnownFileType = folder.assetcatalog; path = "Preview Assets.xcassets"; sourceTree = "<group>"; };
		92778B6F26E26486004B9D4C /* Info.plist */ = {isa = PBXFileReference; lastKnownFileType = text.plist.xml; path = Info.plist; sourceTree = "<group>"; };
		92778B7526E26520004B9D4C /* TodosView.swift */ = {isa = PBXFileReference; lastKnownFileType = sourcecode.swift; path = TodosView.swift; sourceTree = "<group>"; };
		92778B7726E26827004B9D4C /* ProfileView.swift */ = {isa = PBXFileReference; lastKnownFileType = sourcecode.swift; path = ProfileView.swift; sourceTree = "<group>"; };
/* End PBXFileReference section */

/* Begin PBXFrameworksBuildPhase section */
		92778B6026E26485004B9D4C /* Frameworks */ = {
			isa = PBXFrameworksBuildPhase;
			buildActionMask = 2147483647;
			files = (
			);
			runOnlyForDeploymentPostprocessing = 0;
		};
/* End PBXFrameworksBuildPhase section */

/* Begin PBXGroup section */
		92778B5A26E26485004B9D4C = {
			isa = PBXGroup;
			children = (
				92778B6526E26485004B9D4C /* SwiftUI-Deeplink-tutorial */,
				92778B6426E26485004B9D4C /* Products */,
			);
			sourceTree = "<group>";
		};
		92778B6426E26485004B9D4C /* Products */ = {
			isa = PBXGroup;
			children = (
				92778B6326E26485004B9D4C /* SwiftUI-Deeplink-tutorial.app */,
			);
			name = Products;
			sourceTree = "<group>";
		};
		92778B6526E26485004B9D4C /* SwiftUI-Deeplink-tutorial */ = {
			isa = PBXGroup;
			children = (
				92778B6626E26485004B9D4C /* SwiftUI_Deeplink_tutorialApp.swift */,
				92778B6826E26485004B9D4C /* ContentView.swift */,
				92778B6A26E26486004B9D4C /* Assets.xcassets */,
				92778B6F26E26486004B9D4C /* Info.plist */,
				92778B6C26E26486004B9D4C /* Preview Content */,
				92778B7526E26520004B9D4C /* TodosView.swift */,
				92778B7726E26827004B9D4C /* ProfileView.swift */,
			);
			path = "SwiftUI-Deeplink-tutorial";
			sourceTree = "<group>";
		};
		92778B6C26E26486004B9D4C /* Preview Content */ = {
			isa = PBXGroup;
			children = (
				92778B6D26E26486004B9D4C /* Preview Assets.xcassets */,
			);
			path = "Preview Content";
			sourceTree = "<group>";
		};
/* End PBXGroup section */

/* Begin PBXNativeTarget section */
		92778B6226E26485004B9D4C /* SwiftUI-Deeplink-tutorial */ = {
			isa = PBXNativeTarget;
			buildConfigurationList = 92778B7226E26486004B9D4C /* Build configuration list for PBXNativeTarget "SwiftUI-Deeplink-tutorial" */;
			buildPhases = (
				92778B5F26E26485004B9D4C /* Sources */,
				92778B6026E26485004B9D4C /* Frameworks */,
				92778B6126E26485004B9D4C /* Resources */,
			);
			buildRules = (
			);
			dependencies = (
			);
			name = "SwiftUI-Deeplink-tutorial";
			productName = "SwiftUI-Deeplink-tutorial";
			productReference = 92778B6326E26485004B9D4C /* SwiftUI-Deeplink-tutorial.app */;
			productType = "com.apple.product-type.application";
		};
/* End PBXNativeTarget section */

/* Begin PBXProject section */
		92778B5B26E26485004B9D4C /* Project object */ = {
			isa = PBXProject;
			attributes = {
				LastSwiftUpdateCheck = 1250;
				LastUpgradeCheck = 1250;
				TargetAttributes = {
					92778B6226E26485004B9D4C = {
						CreatedOnToolsVersion = 12.5.1;
					};
				};
			};
			buildConfigurationList = 92778B5E26E26485004B9D4C /* Build configuration list for PBXProject "SwiftUI-Deeplink-tutorial" */;
			compatibilityVersion = "Xcode 9.3";
			developmentRegion = en;
			hasScannedForEncodings = 0;
			knownRegions = (
				en,
				Base,
			);
			mainGroup = 92778B5A26E26485004B9D4C;
			productRefGroup = 92778B6426E26485004B9D4C /* Products */;
			projectDirPath = "";
			projectRoot = "";
			targets = (
				92778B6226E26485004B9D4C /* SwiftUI-Deeplink-tutorial */,
			);
		};
/* End PBXProject section */

/* Begin PBXResourcesBuildPhase section */
		92778B6126E26485004B9D4C /* Resources */ = {
			isa = PBXResourcesBuildPhase;
			buildActionMask = 2147483647;
			files = (
				92778B6E26E26486004B9D4C /* Preview Assets.xcassets in Resources */,
				92778B6B26E26486004B9D4C /* Assets.xcassets in Resources */,
			);
			runOnlyForDeploymentPostprocessing = 0;
		};
/* End PBXResourcesBuildPhase section */

/* Begin PBXSourcesBuildPhase section */
		92778B5F26E26485004B9D4C /* Sources */ = {
			isa = PBXSourcesBuildPhase;
			buildActionMask = 2147483647;
			files = (
				92778B7826E26827004B9D4C /* ProfileView.swift in Sources */,
				92778B6926E26485004B9D4C /* ContentView.swift in Sources */,
				92778B7626E26520004B9D4C /* TodosView.swift in Sources */,
				92778B6726E26485004B9D4C /* SwiftUI_Deeplink_tutorialApp.swift in Sources */,
			);
			runOnlyForDeploymentPostprocessing = 0;
		};
/* End PBXSourcesBuildPhase section */

/* Begin XCBuildConfiguration section */
		92778B7026E26486004B9D4C /* Debug */ = {
			isa = XCBuildConfiguration;
			buildSettings = {
				ALWAYS_SEARCH_USER_PATHS = NO;
				CLANG_ANALYZER_NONNULL = YES;
				CLANG_ANALYZER_NUMBER_OBJECT_CONVERSION = YES_AGGRESSIVE;
				CLANG_CXX_LANGUAGE_STANDARD = "gnu++14";
				CLANG_CXX_LIBRARY = "libc++";
				CLANG_ENABLE_MODULES = YES;
				CLANG_ENABLE_OBJC_ARC = YES;
				CLANG_ENABLE_OBJC_WEAK = YES;
				CLANG_WARN_BLOCK_CAPTURE_AUTORELEASING = YES;
				CLANG_WARN_BOOL_CONVERSION = YES;
				CLANG_WARN_COMMA = YES;
				CLANG_WARN_CONSTANT_CONVERSION = YES;
				CLANG_WARN_DEPRECATED_OBJC_IMPLEMENTATIONS = YES;
				CLANG_WARN_DIRECT_OBJC_ISA_USAGE = YES_ERROR;
				CLANG_WARN_DOCUMENTATION_COMMENTS = YES;
				CLANG_WARN_EMPTY_BODY = YES;
				CLANG_WARN_ENUM_CONVERSION = YES;
				CLANG_WARN_INFINITE_RECURSION = YES;
				CLANG_WARN_INT_CONVERSION = YES;
				CLANG_WARN_NON_LITERAL_NULL_CONVERSION = YES;
				CLANG_WARN_OBJC_IMPLICIT_RETAIN_SELF = YES;
				CLANG_WARN_OBJC_LITERAL_CONVERSION = YES;
				CLANG_WARN_OBJC_ROOT_CLASS = YES_ERROR;
				CLANG_WARN_QUOTED_INCLUDE_IN_FRAMEWORK_HEADER = YES;
				CLANG_WARN_RANGE_LOOP_ANALYSIS = YES;
				CLANG_WARN_STRICT_PROTOTYPES = YES;
				CLANG_WARN_SUSPICIOUS_MOVE = YES;
				CLANG_WARN_UNGUARDED_AVAILABILITY = YES_AGGRESSIVE;
				CLANG_WARN_UNREACHABLE_CODE = YES;
				CLANG_WARN__DUPLICATE_METHOD_MATCH = YES;
				COPY_PHASE_STRIP = NO;
				DEBUG_INFORMATION_FORMAT = dwarf;
				ENABLE_STRICT_OBJC_MSGSEND = YES;
				ENABLE_TESTABILITY = YES;
				GCC_C_LANGUAGE_STANDARD = gnu11;
				GCC_DYNAMIC_NO_PIC = NO;
				GCC_NO_COMMON_BLOCKS = YES;
				GCC_OPTIMIZATION_LEVEL = 0;
				GCC_PREPROCESSOR_DEFINITIONS = (
					"DEBUG=1",
					"$(inherited)",
				);
				GCC_WARN_64_TO_32_BIT_CONVERSION = YES;
				GCC_WARN_ABOUT_RETURN_TYPE = YES_ERROR;
				GCC_WARN_UNDECLARED_SELECTOR = YES;
				GCC_WARN_UNINITIALIZED_AUTOS = YES_AGGRESSIVE;
				GCC_WARN_UNUSED_FUNCTION = YES;
				GCC_WARN_UNUSED_VARIABLE = YES;
				IPHONEOS_DEPLOYMENT_TARGET = 14.5;
				MTL_ENABLE_DEBUG_INFO = INCLUDE_SOURCE;
				MTL_FAST_MATH = YES;
				ONLY_ACTIVE_ARCH = YES;
				SDKROOT = iphoneos;
				SWIFT_ACTIVE_COMPILATION_CONDITIONS = DEBUG;
				SWIFT_OPTIMIZATION_LEVEL = "-Onone";
			};
			name = Debug;
		};
		92778B7126E26486004B9D4C /* Release */ = {
			isa = XCBuildConfiguration;
			buildSettings = {
				ALWAYS_SEARCH_USER_PATHS = NO;
				CLANG_ANALYZER_NONNULL = YES;
				CLANG_ANALYZER_NUMBER_OBJECT_CONVERSION = YES_AGGRESSIVE;
				CLANG_CXX_LANGUAGE_STANDARD = "gnu++14";
				CLANG_CXX_LIBRARY = "libc++";
				CLANG_ENABLE_MODULES = YES;
				CLANG_ENABLE_OBJC_ARC = YES;
				CLANG_ENABLE_OBJC_WEAK = YES;
				CLANG_WARN_BLOCK_CAPTURE_AUTORELEASING = YES;
				CLANG_WARN_BOOL_CONVERSION = YES;
				CLANG_WARN_COMMA = YES;
				CLANG_WARN_CONSTANT_CONVERSION = YES;
				CLANG_WARN_DEPRECATED_OBJC_IMPLEMENTATIONS = YES;
				CLANG_WARN_DIRECT_OBJC_ISA_USAGE = YES_ERROR;
				CLANG_WARN_DOCUMENTATION_COMMENTS = YES;
				CLANG_WARN_EMPTY_BODY = YES;
				CLANG_WARN_ENUM_CONVERSION = YES;
				CLANG_WARN_INFINITE_RECURSION = YES;
				CLANG_WARN_INT_CONVERSION = YES;
				CLANG_WARN_NON_LITERAL_NULL_CONVERSION = YES;
				CLANG_WARN_OBJC_IMPLICIT_RETAIN_SELF = YES;
				CLANG_WARN_OBJC_LITERAL_CONVERSION = YES;
				CLANG_WARN_OBJC_ROOT_CLASS = YES_ERROR;
				CLANG_WARN_QUOTED_INCLUDE_IN_FRAMEWORK_HEADER = YES;
				CLANG_WARN_RANGE_LOOP_ANALYSIS = YES;
				CLANG_WARN_STRICT_PROTOTYPES = YES;
				CLANG_WARN_SUSPICIOUS_MOVE = YES;
				CLANG_WARN_UNGUARDED_AVAILABILITY = YES_AGGRESSIVE;
				CLANG_WARN_UNREACHABLE_CODE = YES;
				CLANG_WARN__DUPLICATE_METHOD_MATCH = YES;
				COPY_PHASE_STRIP = NO;
				DEBUG_INFORMATION_FORMAT = "dwarf-with-dsym";
				ENABLE_NS_ASSERTIONS = NO;
				ENABLE_STRICT_OBJC_MSGSEND = YES;
				GCC_C_LANGUAGE_STANDARD = gnu11;
				GCC_NO_COMMON_BLOCKS = YES;
				GCC_WARN_64_TO_32_BIT_CONVERSION = YES;
				GCC_WARN_ABOUT_RETURN_TYPE = YES_ERROR;
				GCC_WARN_UNDECLARED_SELECTOR = YES;
				GCC_WARN_UNINITIALIZED_AUTOS = YES_AGGRESSIVE;
				GCC_WARN_UNUSED_FUNCTION = YES;
				GCC_WARN_UNUSED_VARIABLE = YES;
				IPHONEOS_DEPLOYMENT_TARGET = 14.5;
				MTL_ENABLE_DEBUG_INFO = NO;
				MTL_FAST_MATH = YES;
				SDKROOT = iphoneos;
				SWIFT_COMPILATION_MODE = wholemodule;
				SWIFT_OPTIMIZATION_LEVEL = "-O";
				VALIDATE_PRODUCT = YES;
			};
			name = Release;
		};
		92778B7326E26486004B9D4C /* Debug */ = {
			isa = XCBuildConfiguration;
			buildSettings = {
				ASSETCATALOG_COMPILER_APPICON_NAME = AppIcon;
				ASSETCATALOG_COMPILER_GLOBAL_ACCENT_COLOR_NAME = AccentColor;
				CODE_SIGN_STYLE = Automatic;
				DEVELOPMENT_ASSET_PATHS = "\"SwiftUI-Deeplink-tutorial/Preview Content\"";
				DEVELOPMENT_TEAM = PU64TS56AD;
				ENABLE_PREVIEWS = YES;
				INFOPLIST_FILE = "SwiftUI-Deeplink-tutorial/Info.plist";
				IPHONEOS_DEPLOYMENT_TARGET = 14.0;
				LD_RUNPATH_SEARCH_PATHS = (
					"$(inherited)",
					"@executable_path/Frameworks",
				);
				PRODUCT_BUNDLE_IDENTIFIER = "soyeon.SwiftUI-Deeplink-tutorial";
				PRODUCT_NAME = "$(TARGET_NAME)";
				SWIFT_VERSION = 5.0;
				TARGETED_DEVICE_FAMILY = "1,2";
			};
			name = Debug;
		};
		92778B7426E26486004B9D4C /* Release */ = {
			isa = XCBuildConfiguration;
			buildSettings = {
				ASSETCATALOG_COMPILER_APPICON_NAME = AppIcon;
				ASSETCATALOG_COMPILER_GLOBAL_ACCENT_COLOR_NAME = AccentColor;
				CODE_SIGN_STYLE = Automatic;
				DEVELOPMENT_ASSET_PATHS = "\"SwiftUI-Deeplink-tutorial/Preview Content\"";
				DEVELOPMENT_TEAM = PU64TS56AD;
				ENABLE_PREVIEWS = YES;
				INFOPLIST_FILE = "SwiftUI-Deeplink-tutorial/Info.plist";
				IPHONEOS_DEPLOYMENT_TARGET = 14.0;
				LD_RUNPATH_SEARCH_PATHS = (
					"$(inherited)",
					"@executable_path/Frameworks",
				);
				PRODUCT_BUNDLE_IDENTIFIER = "soyeon.SwiftUI-Deeplink-tutorial";
				PRODUCT_NAME = "$(TARGET_NAME)";
				SWIFT_VERSION = 5.0;
				TARGETED_DEVICE_FAMILY = "1,2";
			};
			name = Release;
		};
/* End XCBuildConfiguration section */

/* Begin XCConfigurationList section */
		92778B5E26E26485004B9D4C /* Build configuration list for PBXProject "SwiftUI-Deeplink-tutorial" */ = {
			isa = XCConfigurationList;
			buildConfigurations = (
				92778B7026E26486004B9D4C /* Debug */,
				92778B7126E26486004B9D4C /* Release */,
			);
			defaultConfigurationIsVisible = 0;
			defaultConfigurationName = Release;
		};
		92778B7226E26486004B9D4C /* Build configuration list for PBXNativeTarget "SwiftUI-Deeplink-tutorial" */ = {
			isa = XCConfigurationList;
			buildConfigurations = (
				92778B7326E26486004B9D4C /* Debug */,
				92778B7426E26486004B9D4C /* Release */,
			);
			defaultConfigurationIsVisible = 0;
			defaultConfigurationName = Release;
		};
/* End XCConfigurationList section */
	};
	rootObject = 92778B5B26E26485004B9D4C /* Project object */;
}
