// !$*UTF8*$!
{
	archiveVersion = 1;
	classes = {
	};
	objectVersion = 50;
	objects = {

/* Begin PBXBuildFile section */
		92640D0826D6309C00391C97 /* MyWebview.swift in Sources */ = {isa = PBXBuildFile; fileRef = 92640D0726D6309C00391C97 /* MyWebview.swift */; };
		929348E426D6195200D73C1E /* AppDelegate.swift in Sources */ = {isa = PBXBuildFile; fileRef = 929348E326D6195200D73C1E /* AppDelegate.swift */; };
		929348E626D6195200D73C1E /* SceneDelegate.swift in Sources */ = {isa = PBXBuildFile; fileRef = 929348E526D6195200D73C1E /* SceneDelegate.swift */; };
		929348E826D6195200D73C1E /* ContentView.swift in Sources */ = {isa = PBXBuildFile; fileRef = 929348E726D6195200D73C1E /* ContentView.swift */; };
		929348EA26D6195300D73C1E /* Assets.xcassets in Resources */ = {isa = PBXBuildFile; fileRef = 929348E926D6195300D73C1E /* Assets.xcassets */; };
		929348ED26D6195300D73C1E /* Preview Assets.xcassets in Resources */ = {isa = PBXBuildFile; fileRef = 929348EC26D6195300D73C1E /* Preview Assets.xcassets */; };
		929348F026D6195300D73C1E /* LaunchScreen.storyboard in Resources */ = {isa = PBXBuildFile; fileRef = 929348EE26D6195300D73C1E /* LaunchScreen.storyboard */; };
		929348F826D61A7B00D73C1E /* CircleImageView.swift in Sources */ = {isa = PBXBuildFile; fileRef = 929348F726D61A7B00D73C1E /* CircleImageView.swift */; };
/* End PBXBuildFile section */

/* Begin PBXFileReference section */
		92640D0726D6309C00391C97 /* MyWebview.swift */ = {isa = PBXFileReference; lastKnownFileType = sourcecode.swift; path = MyWebview.swift; sourceTree = "<group>"; };
		929348E026D6195200D73C1E /* SwiftUI_Image_tutorial.app */ = {isa = PBXFileReference; explicitFileType = wrapper.application; includeInIndex = 0; path = SwiftUI_Image_tutorial.app; sourceTree = BUILT_PRODUCTS_DIR; };
		929348E326D6195200D73C1E /* AppDelegate.swift */ = {isa = PBXFileReference; lastKnownFileType = sourcecode.swift; path = AppDelegate.swift; sourceTree = "<group>"; };
		929348E526D6195200D73C1E /* SceneDelegate.swift */ = {isa = PBXFileReference; lastKnownFileType = sourcecode.swift; path = SceneDelegate.swift; sourceTree = "<group>"; };
		929348E726D6195200D73C1E /* ContentView.swift */ = {isa = PBXFileReference; lastKnownFileType = sourcecode.swift; path = ContentView.swift; sourceTree = "<group>"; };
		929348E926D6195300D73C1E /* Assets.xcassets */ = {isa = PBXFileReference; lastKnownFileType = folder.assetcatalog; path = Assets.xcassets; sourceTree = "<group>"; };
		929348EC26D6195300D73C1E /* Preview Assets.xcassets */ = {isa = PBXFileReference; lastKnownFileType = folder.assetcatalog; path = "Preview Assets.xcassets"; sourceTree = "<group>"; };
		929348EF26D6195300D73C1E /* Base */ = {isa = PBXFileReference; lastKnownFileType = file.storyboard; name = Base; path = Base.lproj/LaunchScreen.storyboard; sourceTree = "<group>"; };
		929348F126D6195300D73C1E /* Info.plist */ = {isa = PBXFileReference; lastKnownFileType = text.plist.xml; path = Info.plist; sourceTree = "<group>"; };
		929348F726D61A7B00D73C1E /* CircleImageView.swift */ = {isa = PBXFileReference; lastKnownFileType = sourcecode.swift; path = CircleImageView.swift; sourceTree = "<group>"; };
/* End PBXFileReference section */

/* Begin PBXFrameworksBuildPhase section */
		929348DD26D6195200D73C1E /* Frameworks */ = {
			isa = PBXFrameworksBuildPhase;
			buildActionMask = 2147483647;
			files = (
			);
			runOnlyForDeploymentPostprocessing = 0;
		};
/* End PBXFrameworksBuildPhase section */

/* Begin PBXGroup section */
		929348D726D6195200D73C1E = {
			isa = PBXGroup;
			children = (
				929348E226D6195200D73C1E /* SwiftUI_Image_tutorial */,
				929348E126D6195200D73C1E /* Products */,
			);
			sourceTree = "<group>";
		};
		929348E126D6195200D73C1E /* Products */ = {
			isa = PBXGroup;
			children = (
				929348E026D6195200D73C1E /* SwiftUI_Image_tutorial.app */,
			);
			name = Products;
			sourceTree = "<group>";
		};
		929348E226D6195200D73C1E /* SwiftUI_Image_tutorial */ = {
			isa = PBXGroup;
			children = (
				929348E326D6195200D73C1E /* AppDelegate.swift */,
				929348E526D6195200D73C1E /* SceneDelegate.swift */,
				929348E726D6195200D73C1E /* ContentView.swift */,
				929348E926D6195300D73C1E /* Assets.xcassets */,
				929348EE26D6195300D73C1E /* LaunchScreen.storyboard */,
				929348F126D6195300D73C1E /* Info.plist */,
				929348EB26D6195300D73C1E /* Preview Content */,
				929348F726D61A7B00D73C1E /* CircleImageView.swift */,
				92640D0726D6309C00391C97 /* MyWebview.swift */,
			);
			path = SwiftUI_Image_tutorial;
			sourceTree = "<group>";
		};
		929348EB26D6195300D73C1E /* Preview Content */ = {
			isa = PBXGroup;
			children = (
				929348EC26D6195300D73C1E /* Preview Assets.xcassets */,
			);
			path = "Preview Content";
			sourceTree = "<group>";
		};
/* End PBXGroup section */

/* Begin PBXNativeTarget section */
		929348DF26D6195200D73C1E /* SwiftUI_Image_tutorial */ = {
			isa = PBXNativeTarget;
			buildConfigurationList = 929348F426D6195300D73C1E /* Build configuration list for PBXNativeTarget "SwiftUI_Image_tutorial" */;
			buildPhases = (
				929348DC26D6195200D73C1E /* Sources */,
				929348DD26D6195200D73C1E /* Frameworks */,
				929348DE26D6195200D73C1E /* Resources */,
			);
			buildRules = (
			);
			dependencies = (
			);
			name = SwiftUI_Image_tutorial;
			productName = SwiftUI_Image_tutorial;
			productReference = 929348E026D6195200D73C1E /* SwiftUI_Image_tutorial.app */;
			productType = "com.apple.product-type.application";
		};
/* End PBXNativeTarget section */

/* Begin PBXProject section */
		929348D826D6195200D73C1E /* Project object */ = {
			isa = PBXProject;
			attributes = {
				LastSwiftUpdateCheck = 1250;
				LastUpgradeCheck = 1250;
				TargetAttributes = {
					929348DF26D6195200D73C1E = {
						CreatedOnToolsVersion = 12.5.1;
					};
				};
			};
			buildConfigurationList = 929348DB26D6195200D73C1E /* Build configuration list for PBXProject "SwiftUI_Image_tutorial" */;
			compatibilityVersion = "Xcode 9.3";
			developmentRegion = en;
			hasScannedForEncodings = 0;
			knownRegions = (
				en,
				Base,
			);
			mainGroup = 929348D726D6195200D73C1E;
			productRefGroup = 929348E126D6195200D73C1E /* Products */;
			projectDirPath = "";
			projectRoot = "";
			targets = (
				929348DF26D6195200D73C1E /* SwiftUI_Image_tutorial */,
			);
		};
/* End PBXProject section */

/* Begin PBXResourcesBuildPhase section */
		929348DE26D6195200D73C1E /* Resources */ = {
			isa = PBXResourcesBuildPhase;
			buildActionMask = 2147483647;
			files = (
				929348F026D6195300D73C1E /* LaunchScreen.storyboard in Resources */,
				929348ED26D6195300D73C1E /* Preview Assets.xcassets in Resources */,
				929348EA26D6195300D73C1E /* Assets.xcassets in Resources */,
			);
			runOnlyForDeploymentPostprocessing = 0;
		};
/* End PBXResourcesBuildPhase section */

/* Begin PBXSourcesBuildPhase section */
		929348DC26D6195200D73C1E /* Sources */ = {
			isa = PBXSourcesBuildPhase;
			buildActionMask = 2147483647;
			files = (
				929348F826D61A7B00D73C1E /* CircleImageView.swift in Sources */,
				929348E426D6195200D73C1E /* AppDelegate.swift in Sources */,
				929348E626D6195200D73C1E /* SceneDelegate.swift in Sources */,
				929348E826D6195200D73C1E /* ContentView.swift in Sources */,
				92640D0826D6309C00391C97 /* MyWebview.swift in Sources */,
			);
			runOnlyForDeploymentPostprocessing = 0;
		};
/* End PBXSourcesBuildPhase section */

/* Begin PBXVariantGroup section */
		929348EE26D6195300D73C1E /* LaunchScreen.storyboard */ = {
			isa = PBXVariantGroup;
			children = (
				929348EF26D6195300D73C1E /* Base */,
			);
			name = LaunchScreen.storyboard;
			sourceTree = "<group>";
		};
/* End PBXVariantGroup section */

/* Begin XCBuildConfiguration section */
		929348F226D6195300D73C1E /* Debug */ = {
			isa = XCBuildConfiguration;
			buildSettings = {
				ALWAYS_SEARCH_USER_PATHS = NO;
				CLANG_ANALYZER_NONNULL = YES;
				CLANG_ANALYZER_NUMBER_OBJECT_CONVERSION = YES_AGGRESSIVE;
				CLANG_CXX_LANGUAGE_STANDARD = "gnu++14";
				CLANG_CXX_LIBRARY = "libc++";
				CLANG_ENABLE_MODULES = YES;
				CLANG_ENABLE_OBJC_ARC = YES;
				CLANG_ENABLE_OBJC_WEAK = YES;
				CLANG_WARN_BLOCK_CAPTURE_AUTORELEASING = YES;
				CLANG_WARN_BOOL_CONVERSION = YES;
				CLANG_WARN_COMMA = YES;
				CLANG_WARN_CONSTANT_CONVERSION = YES;
				CLANG_WARN_DEPRECATED_OBJC_IMPLEMENTATIONS = YES;
				CLANG_WARN_DIRECT_OBJC_ISA_USAGE = YES_ERROR;
				CLANG_WARN_DOCUMENTATION_COMMENTS = YES;
				CLANG_WARN_EMPTY_BODY = YES;
				CLANG_WARN_ENUM_CONVERSION = YES;
				CLANG_WARN_INFINITE_RECURSION = YES;
				CLANG_WARN_INT_CONVERSION = YES;
				CLANG_WARN_NON_LITERAL_NULL_CONVERSION = YES;
				CLANG_WARN_OBJC_IMPLICIT_RETAIN_SELF = YES;
				CLANG_WARN_OBJC_LITERAL_CONVERSION = YES;
				CLANG_WARN_OBJC_ROOT_CLASS = YES_ERROR;
				CLANG_WARN_QUOTED_INCLUDE_IN_FRAMEWORK_HEADER = YES;
				CLANG_WARN_RANGE_LOOP_ANALYSIS = YES;
				CLANG_WARN_STRICT_PROTOTYPES = YES;
				CLANG_WARN_SUSPICIOUS_MOVE = YES;
				CLANG_WARN_UNGUARDED_AVAILABILITY = YES_AGGRESSIVE;
				CLANG_WARN_UNREACHABLE_CODE = YES;
				CLANG_WARN__DUPLICATE_METHOD_MATCH = YES;
				COPY_PHASE_STRIP = NO;
				DEBUG_INFORMATION_FORMAT = dwarf;
				ENABLE_STRICT_OBJC_MSGSEND = YES;
				ENABLE_TESTABILITY = YES;
				GCC_C_LANGUAGE_STANDARD = gnu11;
				GCC_DYNAMIC_NO_PIC = NO;
				GCC_NO_COMMON_BLOCKS = YES;
				GCC_OPTIMIZATION_LEVEL = 0;
				GCC_PREPROCESSOR_DEFINITIONS = (
					"DEBUG=1",
					"$(inherited)",
				);
				GCC_WARN_64_TO_32_BIT_CONVERSION = YES;
				GCC_WARN_ABOUT_RETURN_TYPE = YES_ERROR;
				GCC_WARN_UNDECLARED_SELECTOR = YES;
				GCC_WARN_UNINITIALIZED_AUTOS = YES_AGGRESSIVE;
				GCC_WARN_UNUSED_FUNCTION = YES;
				GCC_WARN_UNUSED_VARIABLE = YES;
				IPHONEOS_DEPLOYMENT_TARGET = 14.5;
				MTL_ENABLE_DEBUG_INFO = INCLUDE_SOURCE;
				MTL_FAST_MATH = YES;
				ONLY_ACTIVE_ARCH = YES;
				SDKROOT = iphoneos;
				SWIFT_ACTIVE_COMPILATION_CONDITIONS = DEBUG;
				SWIFT_OPTIMIZATION_LEVEL = "-Onone";
			};
			name = Debug;
		};
		929348F326D6195300D73C1E /* Release */ = {
			isa = XCBuildConfiguration;
			buildSettings = {
				ALWAYS_SEARCH_USER_PATHS = NO;
				CLANG_ANALYZER_NONNULL = YES;
				CLANG_ANALYZER_NUMBER_OBJECT_CONVERSION = YES_AGGRESSIVE;
				CLANG_CXX_LANGUAGE_STANDARD = "gnu++14";
				CLANG_CXX_LIBRARY = "libc++";
				CLANG_ENABLE_MODULES = YES;
				CLANG_ENABLE_OBJC_ARC = YES;
				CLANG_ENABLE_OBJC_WEAK = YES;
				CLANG_WARN_BLOCK_CAPTURE_AUTORELEASING = YES;
				CLANG_WARN_BOOL_CONVERSION = YES;
				CLANG_WARN_COMMA = YES;
				CLANG_WARN_CONSTANT_CONVERSION = YES;
				CLANG_WARN_DEPRECATED_OBJC_IMPLEMENTATIONS = YES;
				CLANG_WARN_DIRECT_OBJC_ISA_USAGE = YES_ERROR;
				CLANG_WARN_DOCUMENTATION_COMMENTS = YES;
				CLANG_WARN_EMPTY_BODY = YES;
				CLANG_WARN_ENUM_CONVERSION = YES;
				CLANG_WARN_INFINITE_RECURSION = YES;
				CLANG_WARN_INT_CONVERSION = YES;
				CLANG_WARN_NON_LITERAL_NULL_CONVERSION = YES;
				CLANG_WARN_OBJC_IMPLICIT_RETAIN_SELF = YES;
				CLANG_WARN_OBJC_LITERAL_CONVERSION = YES;
				CLANG_WARN_OBJC_ROOT_CLASS = YES_ERROR;
				CLANG_WARN_QUOTED_INCLUDE_IN_FRAMEWORK_HEADER = YES;
				CLANG_WARN_RANGE_LOOP_ANALYSIS = YES;
				CLANG_WARN_STRICT_PROTOTYPES = YES;
				CLANG_WARN_SUSPICIOUS_MOVE = YES;
				CLANG_WARN_UNGUARDED_AVAILABILITY = YES_AGGRESSIVE;
				CLANG_WARN_UNREACHABLE_CODE = YES;
				CLANG_WARN__DUPLICATE_METHOD_MATCH = YES;
				COPY_PHASE_STRIP = NO;
				DEBUG_INFORMATION_FORMAT = "dwarf-with-dsym";
				ENABLE_NS_ASSERTIONS = NO;
				ENABLE_STRICT_OBJC_MSGSEND = YES;
				GCC_C_LANGUAGE_STANDARD = gnu11;
				GCC_NO_COMMON_BLOCKS = YES;
				GCC_WARN_64_TO_32_BIT_CONVERSION = YES;
				GCC_WARN_ABOUT_RETURN_TYPE = YES_ERROR;
				GCC_WARN_UNDECLARED_SELECTOR = YES;
				GCC_WARN_UNINITIALIZED_AUTOS = YES_AGGRESSIVE;
				GCC_WARN_UNUSED_FUNCTION = YES;
				GCC_WARN_UNUSED_VARIABLE = YES;
				IPHONEOS_DEPLOYMENT_TARGET = 14.5;
				MTL_ENABLE_DEBUG_INFO = NO;
				MTL_FAST_MATH = YES;
				SDKROOT = iphoneos;
				SWIFT_COMPILATION_MODE = wholemodule;
				SWIFT_OPTIMIZATION_LEVEL = "-O";
				VALIDATE_PRODUCT = YES;
			};
			name = Release;
		};
		929348F526D6195300D73C1E /* Debug */ = {
			isa = XCBuildConfiguration;
			buildSettings = {
				ASSETCATALOG_COMPILER_APPICON_NAME = AppIcon;
				ASSETCATALOG_COMPILER_GLOBAL_ACCENT_COLOR_NAME = AccentColor;
				CODE_SIGN_STYLE = Automatic;
				DEVELOPMENT_ASSET_PATHS = "\"SwiftUI_Image_tutorial/Preview Content\"";
				DEVELOPMENT_TEAM = PU64TS56AD;
				ENABLE_PREVIEWS = YES;
				INFOPLIST_FILE = SwiftUI_Image_tutorial/Info.plist;
				LD_RUNPATH_SEARCH_PATHS = (
					"$(inherited)",
					"@executable_path/Frameworks",
				);
				PRODUCT_BUNDLE_IDENTIFIER = "soyeon.SwiftUI-Image-tutorial";
				PRODUCT_NAME = "$(TARGET_NAME)";
				SWIFT_VERSION = 5.0;
				TARGETED_DEVICE_FAMILY = "1,2";
			};
			name = Debug;
		};
		929348F626D6195300D73C1E /* Release */ = {
			isa = XCBuildConfiguration;
			buildSettings = {
				ASSETCATALOG_COMPILER_APPICON_NAME = AppIcon;
				ASSETCATALOG_COMPILER_GLOBAL_ACCENT_COLOR_NAME = AccentColor;
				CODE_SIGN_STYLE = Automatic;
				DEVELOPMENT_ASSET_PATHS = "\"SwiftUI_Image_tutorial/Preview Content\"";
				DEVELOPMENT_TEAM = PU64TS56AD;
				ENABLE_PREVIEWS = YES;
				INFOPLIST_FILE = SwiftUI_Image_tutorial/Info.plist;
				LD_RUNPATH_SEARCH_PATHS = (
					"$(inherited)",
					"@executable_path/Frameworks",
				);
				PRODUCT_BUNDLE_IDENTIFIER = "soyeon.SwiftUI-Image-tutorial";
				PRODUCT_NAME = "$(TARGET_NAME)";
				SWIFT_VERSION = 5.0;
				TARGETED_DEVICE_FAMILY = "1,2";
			};
			name = Release;
		};
/* End XCBuildConfiguration section */

/* Begin XCConfigurationList section */
		929348DB26D6195200D73C1E /* Build configuration list for PBXProject "SwiftUI_Image_tutorial" */ = {
			isa = XCConfigurationList;
			buildConfigurations = (
				929348F226D6195300D73C1E /* Debug */,
				929348F326D6195300D73C1E /* Release */,
			);
			defaultConfigurationIsVisible = 0;
			defaultConfigurationName = Release;
		};
		929348F426D6195300D73C1E /* Build configuration list for PBXNativeTarget "SwiftUI_Image_tutorial" */ = {
			isa = XCConfigurationList;
			buildConfigurations = (
				929348F526D6195300D73C1E /* Debug */,
				929348F626D6195300D73C1E /* Release */,
			);
			defaultConfigurationIsVisible = 0;
			defaultConfigurationName = Release;
		};
/* End XCConfigurationList section */
	};
	rootObject = 929348D826D6195200D73C1E /* Project object */;
}
